// !$*UTF8*$!
{
	archiveVersion = 1;
	classes = {
	};
	objectVersion = 51;
	objects = {

/* Begin PBXBuildFile section */
		3B1488DE21988C8B0008E3D2 /* BuildingSelectorVC.swift in Sources */ = {isa = PBXBuildFile; fileRef = 3B1488DD21988C8B0008E3D2 /* BuildingSelectorVC.swift */; };
		3B1488E2219890240008E3D2 /* BuildingViewCell.swift in Sources */ = {isa = PBXBuildFile; fileRef = 3B1488E1219890240008E3D2 /* BuildingViewCell.swift */; };
		3B1488F92199DE8A0008E3D2 /* add.png in Resources */ = {isa = PBXBuildFile; fileRef = 3B1488F82199DE8A0008E3D2 /* add.png */; };
		3B4BE41B219F2D690054269F /* UIButtonExtension.swift in Sources */ = {isa = PBXBuildFile; fileRef = 3B4BE41A219F2D690054269F /* UIButtonExtension.swift */; };
		3BF668B72198440700E10334 /* MBProgressHUD.m in Sources */ = {isa = PBXBuildFile; fileRef = 3BF668B52198440600E10334 /* MBProgressHUD.m */; };
		8D591B66204CE44500459B00 /* AppDelegate.swift in Sources */ = {isa = PBXBuildFile; fileRef = 8D591B65204CE44500459B00 /* AppDelegate.swift */; };
		8D591B68204CE44500459B00 /* art.scnassets in Resources */ = {isa = PBXBuildFile; fileRef = 8D591B67204CE44500459B00 /* art.scnassets */; };
		8D591B6A204CE44500459B00 /* ARViewController.swift in Sources */ = {isa = PBXBuildFile; fileRef = 8D591B69204CE44500459B00 /* ARViewController.swift */; };
		8D591B6D204CE44500459B00 /* Main.storyboard in Resources */ = {isa = PBXBuildFile; fileRef = 8D591B6B204CE44500459B00 /* Main.storyboard */; };
		8D591B6F204CE44500459B00 /* Assets.xcassets in Resources */ = {isa = PBXBuildFile; fileRef = 8D591B6E204CE44500459B00 /* Assets.xcassets */; };
		8D591B72204CE44500459B00 /* LaunchScreen.storyboard in Resources */ = {isa = PBXBuildFile; fileRef = 8D591B70204CE44500459B00 /* LaunchScreen.storyboard */; };
/* End PBXBuildFile section */

/* Begin PBXFileReference section */
		3B1488DD21988C8B0008E3D2 /* BuildingSelectorVC.swift */ = {isa = PBXFileReference; lastKnownFileType = sourcecode.swift; path = BuildingSelectorVC.swift; sourceTree = "<group>"; };
		3B1488E1219890240008E3D2 /* BuildingViewCell.swift */ = {isa = PBXFileReference; lastKnownFileType = sourcecode.swift; path = BuildingViewCell.swift; sourceTree = "<group>"; };
		3B1488F82199DE8A0008E3D2 /* add.png */ = {isa = PBXFileReference; lastKnownFileType = image.png; path = add.png; sourceTree = "<group>"; };
		3B4BE41A219F2D690054269F /* UIButtonExtension.swift */ = {isa = PBXFileReference; lastKnownFileType = sourcecode.swift; path = UIButtonExtension.swift; sourceTree = "<group>"; };
		3BF668B42198440600E10334 /* FurnitureApp-Bridging-Header.h */ = {isa = PBXFileReference; lastKnownFileType = sourcecode.c.h; path = "FurnitureApp-Bridging-Header.h"; sourceTree = "<group>"; };
		3BF668B52198440600E10334 /* MBProgressHUD.m */ = {isa = PBXFileReference; fileEncoding = 4; lastKnownFileType = sourcecode.c.objc; path = MBProgressHUD.m; sourceTree = "<group>"; };
		3BF668B62198440700E10334 /* MBProgressHUD.h */ = {isa = PBXFileReference; fileEncoding = 4; lastKnownFileType = sourcecode.c.h; path = MBProgressHUD.h; sourceTree = "<group>"; };
		8D591B62204CE44500459B00 /* FurnitureApp.app */ = {isa = PBXFileReference; explicitFileType = wrapper.application; includeInIndex = 0; path = FurnitureApp.app; sourceTree = BUILT_PRODUCTS_DIR; };
		8D591B65204CE44500459B00 /* AppDelegate.swift */ = {isa = PBXFileReference; lastKnownFileType = sourcecode.swift; path = AppDelegate.swift; sourceTree = "<group>"; };
		8D591B67204CE44500459B00 /* art.scnassets */ = {isa = PBXFileReference; lastKnownFileType = wrapper.scnassets; path = art.scnassets; sourceTree = "<group>"; };
		8D591B69204CE44500459B00 /* ARViewController.swift */ = {isa = PBXFileReference; lastKnownFileType = sourcecode.swift; path = ARViewController.swift; sourceTree = "<group>"; };
		8D591B6C204CE44500459B00 /* Base */ = {isa = PBXFileReference; lastKnownFileType = file.storyboard; name = Base; path = Base.lproj/Main.storyboard; sourceTree = "<group>"; };
		8D591B6E204CE44500459B00 /* Assets.xcassets */ = {isa = PBXFileReference; lastKnownFileType = folder.assetcatalog; path = Assets.xcassets; sourceTree = "<group>"; };
		8D591B71204CE44500459B00 /* Base */ = {isa = PBXFileReference; lastKnownFileType = file.storyboard; name = Base; path = Base.lproj/LaunchScreen.storyboard; sourceTree = "<group>"; };
		8D591B73204CE44500459B00 /* Info.plist */ = {isa = PBXFileReference; lastKnownFileType = text.plist.xml; path = Info.plist; sourceTree = "<group>"; };
/* End PBXFileReference section */

/* Begin PBXFrameworksBuildPhase section */
		8D591B5F204CE44500459B00 /* Frameworks */ = {
			isa = PBXFrameworksBuildPhase;
			buildActionMask = 2147483647;
			files = (
			);
			runOnlyForDeploymentPostprocessing = 0;
		};
/* End PBXFrameworksBuildPhase section */

/* Begin PBXGroup section */
		8D591B59204CE44500459B00 = {
			isa = PBXGroup;
			children = (
				8D591B64204CE44500459B00 /* FurnitureApp */,
			);
			sourceTree = "<group>";
		};
		8D591B63204CE44500459B00 /* Products */ = {
			isa = PBXGroup;
			children = (
				8D591B62204CE44500459B00 /* FurnitureApp.app */,
			);
			name = Products;
			path = ..;
			sourceTree = "<group>";
		};
		8D591B64204CE44500459B00 /* FurnitureApp */ = {
			isa = PBXGroup;
			children = (
				8D591B65204CE44500459B00 /* AppDelegate.swift */,
				8D591B67204CE44500459B00 /* art.scnassets */,
				8D591B69204CE44500459B00 /* ARViewController.swift */,
				3B4BE41A219F2D690054269F /* UIButtonExtension.swift */,
				3BF668B62198440700E10334 /* MBProgressHUD.h */,
				3BF668B52198440600E10334 /* MBProgressHUD.m */,
				8D591B6B204CE44500459B00 /* Main.storyboard */,
				3B1488F82199DE8A0008E3D2 /* add.png */,
				3B1488E1219890240008E3D2 /* BuildingViewCell.swift */,
				3B1488DD21988C8B0008E3D2 /* BuildingSelectorVC.swift */,
				8D591B6E204CE44500459B00 /* Assets.xcassets */,
				8D591B63204CE44500459B00 /* Products */,
				8D591B70204CE44500459B00 /* LaunchScreen.storyboard */,
				8D591B73204CE44500459B00 /* Info.plist */,
				3BF668B42198440600E10334 /* FurnitureApp-Bridging-Header.h */,
			);
			path = FurnitureApp;
			sourceTree = "<group>";
		};
/* End PBXGroup section */

/* Begin PBXNativeTarget section */
		8D591B61204CE44500459B00 /* FurnitureApp */ = {
			isa = PBXNativeTarget;
			buildConfigurationList = 8D591B76204CE44500459B00 /* Build configuration list for PBXNativeTarget "FurnitureApp" */;
			buildPhases = (
				8D591B5E204CE44500459B00 /* Sources */,
				8D591B5F204CE44500459B00 /* Frameworks */,
				8D591B60204CE44500459B00 /* Resources */,
			);
			buildRules = (
			);
			dependencies = (
			);
			name = FurnitureApp;
			productName = FurnitureApp;
			productReference = 8D591B62204CE44500459B00 /* FurnitureApp.app */;
			productType = "com.apple.product-type.application";
		};
/* End PBXNativeTarget section */

/* Begin PBXProject section */
		8D591B5A204CE44500459B00 /* Project object */ = {
			isa = PBXProject;
			attributes = {
				LastSwiftUpdateCheck = 0920;
				LastUpgradeCheck = 1010;
				ORGANIZATIONNAME = InnoTact;
				TargetAttributes = {
					8D591B61204CE44500459B00 = {
						CreatedOnToolsVersion = 9.2;
						LastSwiftMigration = 1010;
						ProvisioningStyle = Automatic;
					};
				};
			};
			buildConfigurationList = 8D591B5D204CE44500459B00 /* Build configuration list for PBXProject "FurnitureApp" */;
			compatibilityVersion = "Xcode 10.0";
			developmentRegion = en;
			hasScannedForEncodings = 0;
			knownRegions = (
				en,
				Base,
			);
			mainGroup = 8D591B59204CE44500459B00;
			productRefGroup = 8D591B63204CE44500459B00 /* Products */;
			projectDirPath = "";
			projectRoot = "";
			targets = (
				8D591B61204CE44500459B00 /* FurnitureApp */,
			);
		};
/* End PBXProject section */

/* Begin PBXResourcesBuildPhase section */
		8D591B60204CE44500459B00 /* Resources */ = {
			isa = PBXResourcesBuildPhase;
			buildActionMask = 2147483647;
			files = (
				8D591B68204CE44500459B00 /* art.scnassets in Resources */,
				8D591B72204CE44500459B00 /* LaunchScreen.storyboard in Resources */,
				3B1488F92199DE8A0008E3D2 /* add.png in Resources */,
				8D591B6F204CE44500459B00 /* Assets.xcassets in Resources */,
				8D591B6D204CE44500459B00 /* Main.storyboard in Resources */,
			);
			runOnlyForDeploymentPostprocessing = 0;
		};
/* End PBXResourcesBuildPhase section */

/* Begin PBXSourcesBuildPhase section */
		8D591B5E204CE44500459B00 /* Sources */ = {
			isa = PBXSourcesBuildPhase;
			buildActionMask = 2147483647;
			files = (
				8D591B6A204CE44500459B00 /* ARViewController.swift in Sources */,
				3BF668B72198440700E10334 /* MBProgressHUD.m in Sources */,
				3B1488DE21988C8B0008E3D2 /* BuildingSelectorVC.swift in Sources */,
				3B1488E2219890240008E3D2 /* BuildingViewCell.swift in Sources */,
				8D591B66204CE44500459B00 /* AppDelegate.swift in Sources */,
				3B4BE41B219F2D690054269F /* UIButtonExtension.swift in Sources */,
			);
			runOnlyForDeploymentPostprocessing = 0;
		};
/* End PBXSourcesBuildPhase section */

/* Begin PBXVariantGroup section */
		8D591B6B204CE44500459B00 /* Main.storyboard */ = {
			isa = PBXVariantGroup;
			children = (
				8D591B6C204CE44500459B00 /* Base */,
			);
			name = Main.storyboard;
			sourceTree = "<group>";
		};
		8D591B70204CE44500459B00 /* LaunchScreen.storyboard */ = {
			isa = PBXVariantGroup;
			children = (
				8D591B71204CE44500459B00 /* Base */,
			);
			name = LaunchScreen.storyboard;
			sourceTree = "<group>";
		};
/* End PBXVariantGroup section */

/* Begin XCBuildConfiguration section */
		8D591B74204CE44500459B00 /* Debug */ = {
			isa = XCBuildConfiguration;
			buildSettings = {
				ALWAYS_SEARCH_USER_PATHS = NO;
				CLANG_ANALYZER_NONNULL = YES;
				CLANG_ANALYZER_NUMBER_OBJECT_CONVERSION = YES_AGGRESSIVE;
				CLANG_CXX_LANGUAGE_STANDARD = "gnu++14";
				CLANG_CXX_LIBRARY = "libc++";
				CLANG_ENABLE_MODULES = YES;
				CLANG_ENABLE_OBJC_ARC = YES;
				CLANG_WARN_BLOCK_CAPTURE_AUTORELEASING = YES;
				CLANG_WARN_BOOL_CONVERSION = YES;
				CLANG_WARN_COMMA = YES;
				CLANG_WARN_CONSTANT_CONVERSION = YES;
				CLANG_WARN_DEPRECATED_OBJC_IMPLEMENTATIONS = YES;
				CLANG_WARN_DIRECT_OBJC_ISA_USAGE = YES_ERROR;
				CLANG_WARN_DOCUMENTATION_COMMENTS = YES;
				CLANG_WARN_EMPTY_BODY = YES;
				CLANG_WARN_ENUM_CONVERSION = YES;
				CLANG_WARN_INFINITE_RECURSION = YES;
				CLANG_WARN_INT_CONVERSION = YES;
				CLANG_WARN_NON_LITERAL_NULL_CONVERSION = YES;
				CLANG_WARN_OBJC_IMPLICIT_RETAIN_SELF = YES;
				CLANG_WARN_OBJC_LITERAL_CONVERSION = YES;
				CLANG_WARN_OBJC_ROOT_CLASS = YES_ERROR;
				CLANG_WARN_RANGE_LOOP_ANALYSIS = YES;
				CLANG_WARN_STRICT_PROTOTYPES = YES;
				CLANG_WARN_SUSPICIOUS_MOVE = YES;
				CLANG_WARN_UNGUARDED_AVAILABILITY = YES_AGGRESSIVE;
				CLANG_WARN_UNREACHABLE_CODE = YES;
				CLANG_WARN__DUPLICATE_METHOD_MATCH = YES;
				CODE_SIGN_IDENTITY = "iPhone Developer";
				COPY_PHASE_STRIP = NO;
				DEBUG_INFORMATION_FORMAT = dwarf;
				ENABLE_STRICT_OBJC_MSGSEND = YES;
				ENABLE_TESTABILITY = YES;
				GCC_C_LANGUAGE_STANDARD = gnu11;
				GCC_DYNAMIC_NO_PIC = NO;
				GCC_NO_COMMON_BLOCKS = YES;
				GCC_OPTIMIZATION_LEVEL = 0;
				GCC_PREPROCESSOR_DEFINITIONS = (
					"DEBUG=1",
					"$(inherited)",
				);
				GCC_WARN_64_TO_32_BIT_CONVERSION = YES;
				GCC_WARN_ABOUT_RETURN_TYPE = YES_ERROR;
				GCC_WARN_UNDECLARED_SELECTOR = YES;
				GCC_WARN_UNINITIALIZED_AUTOS = YES_AGGRESSIVE;
				GCC_WARN_UNUSED_FUNCTION = YES;
				GCC_WARN_UNUSED_VARIABLE = YES;
				IPHONEOS_DEPLOYMENT_TARGET = 12.1;
				MTL_ENABLE_DEBUG_INFO = YES;
				ONLY_ACTIVE_ARCH = YES;
				SDKROOT = iphoneos;
				SWIFT_ACTIVE_COMPILATION_CONDITIONS = DEBUG;
				SWIFT_OPTIMIZATION_LEVEL = "-Onone";
			};
			name = Debug;
		};
		8D591B75204CE44500459B00 /* Release */ = {
			isa = XCBuildConfiguration;
			buildSettings = {
				ALWAYS_SEARCH_USER_PATHS = NO;
				CLANG_ANALYZER_NONNULL = YES;
				CLANG_ANALYZER_NUMBER_OBJECT_CONVERSION = YES_AGGRESSIVE;
				CLANG_CXX_LANGUAGE_STANDARD = "gnu++14";
				CLANG_CXX_LIBRARY = "libc++";
				CLANG_ENABLE_MODULES = YES;
				CLANG_ENABLE_OBJC_ARC = YES;
				CLANG_WARN_BLOCK_CAPTURE_AUTORELEASING = YES;
				CLANG_WARN_BOOL_CONVERSION = YES;
				CLANG_WARN_COMMA = YES;
				CLANG_WARN_CONSTANT_CONVERSION = YES;
				CLANG_WARN_DEPRECATED_OBJC_IMPLEMENTATIONS = YES;
				CLANG_WARN_DIRECT_OBJC_ISA_USAGE = YES_ERROR;
				CLANG_WARN_DOCUMENTATION_COMMENTS = YES;
				CLANG_WARN_EMPTY_BODY = YES;
				CLANG_WARN_ENUM_CONVERSION = YES;
				CLANG_WARN_INFINITE_RECURSION = YES;
				CLANG_WARN_INT_CONVERSION = YES;
				CLANG_WARN_NON_LITERAL_NULL_CONVERSION = YES;
				CLANG_WARN_OBJC_IMPLICIT_RETAIN_SELF = YES;
				CLANG_WARN_OBJC_LITERAL_CONVERSION = YES;
				CLANG_WARN_OBJC_ROOT_CLASS = YES_ERROR;
				CLANG_WARN_RANGE_LOOP_ANALYSIS = YES;
				CLANG_WARN_STRICT_PROTOTYPES = YES;
				CLANG_WARN_SUSPICIOUS_MOVE = YES;
				CLANG_WARN_UNGUARDED_AVAILABILITY = YES_AGGRESSIVE;
				CLANG_WARN_UNREACHABLE_CODE = YES;
				CLANG_WARN__DUPLICATE_METHOD_MATCH = YES;
				CODE_SIGN_IDENTITY = "iPhone Developer";
				COPY_PHASE_STRIP = NO;
				DEBUG_INFORMATION_FORMAT = "dwarf-with-dsym";
				ENABLE_NS_ASSERTIONS = NO;
				ENABLE_STRICT_OBJC_MSGSEND = YES;
				GCC_C_LANGUAGE_STANDARD = gnu11;
				GCC_NO_COMMON_BLOCKS = YES;
				GCC_WARN_64_TO_32_BIT_CONVERSION = YES;
				GCC_WARN_ABOUT_RETURN_TYPE = YES_ERROR;
				GCC_WARN_UNDECLARED_SELECTOR = YES;
				GCC_WARN_UNINITIALIZED_AUTOS = YES_AGGRESSIVE;
				GCC_WARN_UNUSED_FUNCTION = YES;
				GCC_WARN_UNUSED_VARIABLE = YES;
				IPHONEOS_DEPLOYMENT_TARGET = 12.1;
				MTL_ENABLE_DEBUG_INFO = NO;
				SDKROOT = iphoneos;
				SWIFT_COMPILATION_MODE = wholemodule;
				SWIFT_OPTIMIZATION_LEVEL = "-O";
				VALIDATE_PRODUCT = YES;
			};
			name = Release;
		};
		8D591B77204CE44500459B00 /* Debug */ = {
			isa = XCBuildConfiguration;
			buildSettings = {
				ASSETCATALOG_COMPILER_APPICON_NAME = AppIcon;
				CLANG_ENABLE_MODULES = YES;
				CODE_SIGN_STYLE = Automatic;
				DEVELOPMENT_TEAM = AZ9259CWYX;
				INFOPLIST_FILE = FurnitureApp/Info.plist;
				IPHONEOS_DEPLOYMENT_TARGET = 12.1;
				LD_RUNPATH_SEARCH_PATHS = (
					"$(inherited)",
					"@executable_path/Frameworks",
				);
				PRODUCT_BUNDLE_IDENTIFIER = com.test;
				PRODUCT_NAME = "$(TARGET_NAME)";
				SWIFT_OBJC_BRIDGING_HEADER = "FurnitureApp/FurnitureApp-Bridging-Header.h";
				SWIFT_OPTIMIZATION_LEVEL = "-Onone";
				SWIFT_VERSION = 4.0;
				TARGETED_DEVICE_FAMILY = "1,2";
			};
			name = Debug;
		};
		8D591B78204CE44500459B00 /* Release */ = {
			isa = XCBuildConfiguration;
			buildSettings = {
				ASSETCATALOG_COMPILER_APPICON_NAME = AppIcon;
				CLANG_ENABLE_MODULES = YES;
				CODE_SIGN_STYLE = Automatic;
				DEVELOPMENT_TEAM = AZ9259CWYX;
				INFOPLIST_FILE = FurnitureApp/Info.plist;
				IPHONEOS_DEPLOYMENT_TARGET = 12.1;
				LD_RUNPATH_SEARCH_PATHS = (
					"$(inherited)",
					"@executable_path/Frameworks",
				);
				PRODUCT_BUNDLE_IDENTIFIER = com.test;
				PRODUCT_NAME = "$(TARGET_NAME)";
				SWIFT_OBJC_BRIDGING_HEADER = "FurnitureApp/FurnitureApp-Bridging-Header.h";
				SWIFT_VERSION = 4.0;
				TARGETED_DEVICE_FAMILY = "1,2";
			};
			name = Release;
		};
/* End XCBuildConfiguration section */

/* Begin XCConfigurationList section */
		8D591B5D204CE44500459B00 /* Build configuration list for PBXProject "FurnitureApp" */ = {
			isa = XCConfigurationList;
			buildConfigurations = (
				8D591B74204CE44500459B00 /* Debug */,
				8D591B75204CE44500459B00 /* Release */,
			);
			defaultConfigurationIsVisible = 0;
			defaultConfigurationName = Release;
		};
		8D591B76204CE44500459B00 /* Build configuration list for PBXNativeTarget "FurnitureApp" */ = {
			isa = XCConfigurationList;
			buildConfigurations = (
				8D591B77204CE44500459B00 /* Debug */,
				8D591B78204CE44500459B00 /* Release */,
			);
			defaultConfigurationIsVisible = 0;
			defaultConfigurationName = Release;
		};
/* End XCConfigurationList section */
	};
	rootObject = 8D591B5A204CE44500459B00 /* Project object */;
}
